
Microsoft Visual Studio Solution File, Format Version 12.00
# Visual Studio Version 17
VisualStudioVersion = 17.6.33712.159
MinimumVisualStudioVersion = 10.0.40219.1
Project("{FAE04EC0-301F-11D3-BF4B-00C04F79EFBC}") = "Domain", "Domain\Domain.csproj", "{367892AF-69E4-424C-84E0-22A9B5612253}"
EndProject
Project("{FAE04EC0-301F-11D3-BF4B-00C04F79EFBC}") = "Application", "Application\Application.csproj", "{116A3CB7-94B0-42CE-A904-37843AC97343}"
EndProject
Project("{FAE04EC0-301F-11D3-BF4B-00C04F79EFBC}") = "Infra.Data", "Infra.Data\Infra.Data.csproj", "{610E7CF5-2B89-49E4-A776-BF518E52B22A}"
EndProject
Project("{FAE04EC0-301F-11D3-BF4B-00C04F79EFBC}") = "Infra.Ioc", "Infra.Ioc\Infra.Ioc.csproj", "{C22E6D46-4B33-4E43-9A03-B97BAF6DD631}"
EndProject
Project("{FAE04EC0-301F-11D3-BF4B-00C04F79EFBC}") = "CleanArquitetura.WebUI", "CleanArquitetura.WebUI\CleanArquitetura.WebUI.csproj", "{D5107FD5-F48F-4E93-8763-99A39CA36BBC}"
EndProject
Project("{FAE04EC0-301F-11D3-BF4B-00C04F79EFBC}") = "Domain.Tests", "Domain.Tests\Domain.Tests.csproj", "{920DBCED-19CC-46C5-BC3F-1D548A5D9CF6}"
EndProject
Global
	GlobalSection(SolutionConfigurationPlatforms) = preSolution
		Debug|Any CPU = Debug|Any CPU
		Release|Any CPU = Release|Any CPU
	EndGlobalSection
	GlobalSection(ProjectConfigurationPlatforms) = postSolution
		{367892AF-69E4-424C-84E0-22A9B5612253}.Debug|Any CPU.ActiveCfg = Debug|Any CPU
		{367892AF-69E4-424C-84E0-22A9B5612253}.Debug|Any CPU.Build.0 = Debug|Any CPU
		{367892AF-69E4-424C-84E0-22A9B5612253}.Release|Any CPU.ActiveCfg = Release|Any CPU
		{367892AF-69E4-424C-84E0-22A9B5612253}.Release|Any CPU.Build.0 = Release|Any CPU
		{116A3CB7-94B0-42CE-A904-37843AC97343}.Debug|Any CPU.ActiveCfg = Debug|Any CPU
		{116A3CB7-94B0-42CE-A904-37843AC97343}.Debug|Any CPU.Build.0 = Debug|Any CPU
		{116A3CB7-94B0-42CE-A904-37843AC97343}.Release|Any CPU.ActiveCfg = Release|Any CPU
		{116A3CB7-94B0-42CE-A904-37843AC97343}.Release|Any CPU.Build.0 = Release|Any CPU
		{610E7CF5-2B89-49E4-A776-BF518E52B22A}.Debug|Any CPU.ActiveCfg = Debug|Any CPU
		{610E7CF5-2B89-49E4-A776-BF518E52B22A}.Debug|Any CPU.Build.0 = Debug|Any CPU
		{610E7CF5-2B89-49E4-A776-BF518E52B22A}.Release|Any CPU.ActiveCfg = Release|Any CPU
		{610E7CF5-2B89-49E4-A776-BF518E52B22A}.Release|Any CPU.Build.0 = Release|Any CPU
		{C22E6D46-4B33-4E43-9A03-B97BAF6DD631}.Debug|Any CPU.ActiveCfg = Debug|Any CPU
		{C22E6D46-4B33-4E43-9A03-B97BAF6DD631}.Debug|Any CPU.Build.0 = Debug|Any CPU
		{C22E6D46-4B33-4E43-9A03-B97BAF6DD631}.Release|Any CPU.ActiveCfg = Release|Any CPU
		{C22E6D46-4B33-4E43-9A03-B97BAF6DD631}.Release|Any CPU.Build.0 = Release|Any CPU
		{D5107FD5-F48F-4E93-8763-99A39CA36BBC}.Debug|Any CPU.ActiveCfg = Debug|Any CPU
		{D5107FD5-F48F-4E93-8763-99A39CA36BBC}.Debug|Any CPU.Build.0 = Debug|Any CPU
		{D5107FD5-F48F-4E93-8763-99A39CA36BBC}.Release|Any CPU.ActiveCfg = Release|Any CPU
		{D5107FD5-F48F-4E93-8763-99A39CA36BBC}.Release|Any CPU.Build.0 = Release|Any CPU
		{920DBCED-19CC-46C5-BC3F-1D548A5D9CF6}.Debug|Any CPU.ActiveCfg = Debug|Any CPU
		{920DBCED-19CC-46C5-BC3F-1D548A5D9CF6}.Debug|Any CPU.Build.0 = Debug|Any CPU
		{920DBCED-19CC-46C5-BC3F-1D548A5D9CF6}.Release|Any CPU.ActiveCfg = Release|Any CPU
		{920DBCED-19CC-46C5-BC3F-1D548A5D9CF6}.Release|Any CPU.Build.0 = Release|Any CPU
	EndGlobalSection
	GlobalSection(SolutionProperties) = preSolution
		HideSolutionNode = FALSE
	EndGlobalSection
	GlobalSection(ExtensibilityGlobals) = postSolution
		SolutionGuid = {5D39346E-6A3B-45DA-951E-853986728160}
	EndGlobalSection
EndGlobal
